
Microsoft Visual Studio Solution File, Format Version 12.00
# Visual Studio Version 18
VisualStudioVersion = 18.3.11206.111
MinimumVisualStudioVersion = 10.0.40219.1
Project("{2150E333-8FDC-42A3-9474-1A3956D46DE8}") = "src", "src", "{827E0CD3-B72D-47B6-A68D-7590B98EB39B}"
EndProject
Project("{FAE04EC0-301F-11D3-BF4B-00C04F79EFBC}") = "ClipMate.App", "src\ClipMate.App\ClipMate.App.csproj", "{312A0359-6F2C-4E20-BA98-C256444AEA1F}"
EndProject
Project("{FAE04EC0-301F-11D3-BF4B-00C04F79EFBC}") = "ClipMate.Core", "src\ClipMate.Core\ClipMate.Core.csproj", "{85994F39-36A0-4DE2-BA0B-2F744EB879EC}"
EndProject
Project("{FAE04EC0-301F-11D3-BF4B-00C04F79EFBC}") = "ClipMate.Data", "src\ClipMate.Data\ClipMate.Data.csproj", "{213114B6-66C6-4B96-8302-527F04A53F65}"
EndProject
Project("{FAE04EC0-301F-11D3-BF4B-00C04F79EFBC}") = "ClipMate.Platform", "src\ClipMate.Platform\ClipMate.Platform.csproj", "{188E1A18-E8DA-4C07-95D3-4F6E421907AF}"
EndProject
Project("{2150E333-8FDC-42A3-9474-1A3956D46DE8}") = "tests", "tests", "{0AB3BF05-4346-4AA6-1389-037BE0695223}"
EndProject
Project("{FAE04EC0-301F-11D3-BF4B-00C04F79EFBC}") = "ClipMate.Tests.Unit", "tests\ClipMate.Tests.Unit\ClipMate.Tests.Unit.csproj", "{01641107-D4DC-4186-883A-9C256D6F7E63}"
EndProject
Project("{FAE04EC0-301F-11D3-BF4B-00C04F79EFBC}") = "ClipMate.Tests.Integration", "tests\ClipMate.Tests.Integration\ClipMate.Tests.Integration.csproj", "{2DE57414-12B6-4360-AC86-C16A4CD7486F}"
EndProject
Project("{2150E333-8FDC-42A3-9474-1A3956D46DE8}") = "Solution Items", "Solution Items", "{6D7D2937-DB39-4668-87FD-B655C2180C5A}"
	ProjectSection(SolutionItems) = preProject
		Directory.Packages.props = Directory.Packages.props
	EndProjectSection
EndProject
Global
	GlobalSection(SolutionConfigurationPlatforms) = preSolution
		Debug|Any CPU = Debug|Any CPU
		Debug|x64 = Debug|x64
		Debug|x86 = Debug|x86
		Release|Any CPU = Release|Any CPU
		Release|x64 = Release|x64
		Release|x86 = Release|x86
	EndGlobalSection
	GlobalSection(ProjectConfigurationPlatforms) = postSolution
		{312A0359-6F2C-4E20-BA98-C256444AEA1F}.Debug|Any CPU.ActiveCfg = Debug|Any CPU
		{312A0359-6F2C-4E20-BA98-C256444AEA1F}.Debug|Any CPU.Build.0 = Debug|Any CPU
		{312A0359-6F2C-4E20-BA98-C256444AEA1F}.Debug|x64.ActiveCfg = Debug|Any CPU
		{312A0359-6F2C-4E20-BA98-C256444AEA1F}.Debug|x64.Build.0 = Debug|Any CPU
		{312A0359-6F2C-4E20-BA98-C256444AEA1F}.Debug|x86.ActiveCfg = Debug|Any CPU
		{312A0359-6F2C-4E20-BA98-C256444AEA1F}.Debug|x86.Build.0 = Debug|Any CPU
		{312A0359-6F2C-4E20-BA98-C256444AEA1F}.Release|Any CPU.ActiveCfg = Release|Any CPU
		{312A0359-6F2C-4E20-BA98-C256444AEA1F}.Release|Any CPU.Build.0 = Release|Any CPU
		{312A0359-6F2C-4E20-BA98-C256444AEA1F}.Release|x64.ActiveCfg = Release|Any CPU
		{312A0359-6F2C-4E20-BA98-C256444AEA1F}.Release|x64.Build.0 = Release|Any CPU
		{312A0359-6F2C-4E20-BA98-C256444AEA1F}.Release|x86.ActiveCfg = Release|Any CPU
		{312A0359-6F2C-4E20-BA98-C256444AEA1F}.Release|x86.Build.0 = Release|Any CPU
		{85994F39-36A0-4DE2-BA0B-2F744EB879EC}.Debug|Any CPU.ActiveCfg = Debug|Any CPU
		{85994F39-36A0-4DE2-BA0B-2F744EB879EC}.Debug|Any CPU.Build.0 = Debug|Any CPU
		{85994F39-36A0-4DE2-BA0B-2F744EB879EC}.Debug|x64.ActiveCfg = Debug|Any CPU
		{85994F39-36A0-4DE2-BA0B-2F744EB879EC}.Debug|x64.Build.0 = Debug|Any CPU
		{85994F39-36A0-4DE2-BA0B-2F744EB879EC}.Debug|x86.ActiveCfg = Debug|Any CPU
		{85994F39-36A0-4DE2-BA0B-2F744EB879EC}.Debug|x86.Build.0 = Debug|Any CPU
		{85994F39-36A0-4DE2-BA0B-2F744EB879EC}.Release|Any CPU.ActiveCfg = Release|Any CPU
		{85994F39-36A0-4DE2-BA0B-2F744EB879EC}.Release|Any CPU.Build.0 = Release|Any CPU
		{85994F39-36A0-4DE2-BA0B-2F744EB879EC}.Release|x64.ActiveCfg = Release|Any CPU
		{85994F39-36A0-4DE2-BA0B-2F744EB879EC}.Release|x64.Build.0 = Release|Any CPU
		{85994F39-36A0-4DE2-BA0B-2F744EB879EC}.Release|x86.ActiveCfg = Release|Any CPU
		{85994F39-36A0-4DE2-BA0B-2F744EB879EC}.Release|x86.Build.0 = Release|Any CPU
		{213114B6-66C6-4B96-8302-527F04A53F65}.Debug|Any CPU.ActiveCfg = Debug|Any CPU
		{213114B6-66C6-4B96-8302-527F04A53F65}.Debug|Any CPU.Build.0 = Debug|Any CPU
		{213114B6-66C6-4B96-8302-527F04A53F65}.Debug|x64.ActiveCfg = Debug|Any CPU
		{213114B6-66C6-4B96-8302-527F04A53F65}.Debug|x64.Build.0 = Debug|Any CPU
		{213114B6-66C6-4B96-8302-527F04A53F65}.Debug|x86.ActiveCfg = Debug|Any CPU
		{213114B6-66C6-4B96-8302-527F04A53F65}.Debug|x86.Build.0 = Debug|Any CPU
		{213114B6-66C6-4B96-8302-527F04A53F65}.Release|Any CPU.ActiveCfg = Release|Any CPU
		{213114B6-66C6-4B96-8302-527F04A53F65}.Release|Any CPU.Build.0 = Release|Any CPU
		{213114B6-66C6-4B96-8302-527F04A53F65}.Release|x64.ActiveCfg = Release|Any CPU
		{213114B6-66C6-4B96-8302-527F04A53F65}.Release|x64.Build.0 = Release|Any CPU
		{213114B6-66C6-4B96-8302-527F04A53F65}.Release|x86.ActiveCfg = Release|Any CPU
		{213114B6-66C6-4B96-8302-527F04A53F65}.Release|x86.Build.0 = Release|Any CPU
		{188E1A18-E8DA-4C07-95D3-4F6E421907AF}.Debug|Any CPU.ActiveCfg = Debug|Any CPU
		{188E1A18-E8DA-4C07-95D3-4F6E421907AF}.Debug|Any CPU.Build.0 = Debug|Any CPU
		{188E1A18-E8DA-4C07-95D3-4F6E421907AF}.Debug|x64.ActiveCfg = Debug|Any CPU
		{188E1A18-E8DA-4C07-95D3-4F6E421907AF}.Debug|x64.Build.0 = Debug|Any CPU
		{188E1A18-E8DA-4C07-95D3-4F6E421907AF}.Debug|x86.ActiveCfg = Debug|Any CPU
		{188E1A18-E8DA-4C07-95D3-4F6E421907AF}.Debug|x86.Build.0 = Debug|Any CPU
		{188E1A18-E8DA-4C07-95D3-4F6E421907AF}.Release|Any CPU.ActiveCfg = Release|Any CPU
		{188E1A18-E8DA-4C07-95D3-4F6E421907AF}.Release|Any CPU.Build.0 = Release|Any CPU
		{188E1A18-E8DA-4C07-95D3-4F6E421907AF}.Release|x64.ActiveCfg = Release|Any CPU
		{188E1A18-E8DA-4C07-95D3-4F6E421907AF}.Release|x64.Build.0 = Release|Any CPU
		{188E1A18-E8DA-4C07-95D3-4F6E421907AF}.Release|x86.ActiveCfg = Release|Any CPU
		{188E1A18-E8DA-4C07-95D3-4F6E421907AF}.Release|x86.Build.0 = Release|Any CPU
		{01641107-D4DC-4186-883A-9C256D6F7E63}.Debug|Any CPU.ActiveCfg = Debug|Any CPU
		{01641107-D4DC-4186-883A-9C256D6F7E63}.Debug|Any CPU.Build.0 = Debug|Any CPU
		{01641107-D4DC-4186-883A-9C256D6F7E63}.Debug|x64.ActiveCfg = Debug|Any CPU
		{01641107-D4DC-4186-883A-9C256D6F7E63}.Debug|x64.Build.0 = Debug|Any CPU
		{01641107-D4DC-4186-883A-9C256D6F7E63}.Debug|x86.ActiveCfg = Debug|Any CPU
		{01641107-D4DC-4186-883A-9C256D6F7E63}.Debug|x86.Build.0 = Debug|Any CPU
		{01641107-D4DC-4186-883A-9C256D6F7E63}.Release|Any CPU.ActiveCfg = Release|Any CPU
		{01641107-D4DC-4186-883A-9C256D6F7E63}.Release|Any CPU.Build.0 = Release|Any CPU
		{01641107-D4DC-4186-883A-9C256D6F7E63}.Release|x64.ActiveCfg = Release|Any CPU
		{01641107-D4DC-4186-883A-9C256D6F7E63}.Release|x64.Build.0 = Release|Any CPU
		{01641107-D4DC-4186-883A-9C256D6F7E63}.Release|x86.ActiveCfg = Release|Any CPU
		{01641107-D4DC-4186-883A-9C256D6F7E63}.Release|x86.Build.0 = Release|Any CPU
		{2DE57414-12B6-4360-AC86-C16A4CD7486F}.Debug|Any CPU.ActiveCfg = Debug|Any CPU
		{2DE57414-12B6-4360-AC86-C16A4CD7486F}.Debug|Any CPU.Build.0 = Debug|Any CPU
		{2DE57414-12B6-4360-AC86-C16A4CD7486F}.Debug|x64.ActiveCfg = Debug|Any CPU
		{2DE57414-12B6-4360-AC86-C16A4CD7486F}.Debug|x64.Build.0 = Debug|Any CPU
		{2DE57414-12B6-4360-AC86-C16A4CD7486F}.Debug|x86.ActiveCfg = Debug|Any CPU
		{2DE57414-12B6-4360-AC86-C16A4CD7486F}.Debug|x86.Build.0 = Debug|Any CPU
		{2DE57414-12B6-4360-AC86-C16A4CD7486F}.Release|Any CPU.ActiveCfg = Release|Any CPU
		{2DE57414-12B6-4360-AC86-C16A4CD7486F}.Release|Any CPU.Build.0 = Release|Any CPU
		{2DE57414-12B6-4360-AC86-C16A4CD7486F}.Release|x64.ActiveCfg = Release|Any CPU
		{2DE57414-12B6-4360-AC86-C16A4CD7486F}.Release|x64.Build.0 = Release|Any CPU
		{2DE57414-12B6-4360-AC86-C16A4CD7486F}.Release|x86.ActiveCfg = Release|Any CPU
		{2DE57414-12B6-4360-AC86-C16A4CD7486F}.Release|x86.Build.0 = Release|Any CPU
	EndGlobalSection
	GlobalSection(SolutionProperties) = preSolution
		HideSolutionNode = FALSE
	EndGlobalSection
	GlobalSection(NestedProjects) = preSolution
		{312A0359-6F2C-4E20-BA98-C256444AEA1F} = {827E0CD3-B72D-47B6-A68D-7590B98EB39B}
		{85994F39-36A0-4DE2-BA0B-2F744EB879EC} = {827E0CD3-B72D-47B6-A68D-7590B98EB39B}
		{213114B6-66C6-4B96-8302-527F04A53F65} = {827E0CD3-B72D-47B6-A68D-7590B98EB39B}
		{188E1A18-E8DA-4C07-95D3-4F6E421907AF} = {827E0CD3-B72D-47B6-A68D-7590B98EB39B}
		{01641107-D4DC-4186-883A-9C256D6F7E63} = {0AB3BF05-4346-4AA6-1389-037BE0695223}
		{2DE57414-12B6-4360-AC86-C16A4CD7486F} = {0AB3BF05-4346-4AA6-1389-037BE0695223}
	EndGlobalSection
	GlobalSection(ExtensibilityGlobals) = postSolution
		SolutionGuid = {885B6517-656A-443C-B870-FD0BDE99BB41}
	EndGlobalSection
EndGlobal
